dependencies:
- name: owner-info
  repository: oci://ghcr.io/sapcc/helm-charts
  version: 1.0.0
- name: rabbitmq
  repository: oci://registry-1.docker.io/bitnamicharts
  version: 16.0.7
digest: sha256:5013fe806b281bc7383c70036ebfccf8573b7cd8951a31592083250677bc65d7
generated: "2025-06-13T00:47:53.512100244Z"
