dependencies:
- name: owner-info
  repository: oci://ghcr.io/sapcc/helm-charts
  version: 1.0.0
- name: rabbitmq
  repository: oci://registry-1.docker.io/bitnamicharts
  version: 16.0.8
digest: sha256:c23c571500b7b3a0a3f0715c96dde3dc6a67db505f53e44cfa6735542b6e25d2
generated: "2025-06-20T01:14:22.663407814Z"
