dependencies:
- name: postgresql
  repository: oci://registry-1.docker.io/bitnamicharts
  version: 15.5.27
- name: owner-info
  repository: oci://ghcr.io/sapcc/helm-charts
  version: 1.0.0
digest: sha256:26cb9c33b10bfaec7d04e718c321935eb031c3d0e426902afc12b99541a20ad7
generated: "2025-04-23T08:52:04.316499+02:00"
