dependencies:
- name: kube-prometheus-stack
  repository: https://prometheus-community.github.io/helm-charts
  version: 75.7.0
- name: owner-info
  repository: oci://ghcr.io/sapcc/helm-charts
  version: 1.0.0
digest: sha256:9035bf1b73deecc8cc5ec396ed54558e28419181123fa870fa524761a3324221
generated: "2025-07-04T01:37:45.183930282Z"
