dependencies:
- name: kube-prometheus-stack
  repository: https://prometheus-community.github.io/helm-charts
  version: 75.13.0
- name: owner-info
  repository: oci://ghcr.io/sapcc/helm-charts
  version: 1.0.0
digest: sha256:62238fcdb2a8cea99104584b04ec8b4bfbb5b52d3b36158545d25fa1dbbd64d9
generated: "2025-07-25T02:54:06.892794415Z"
