dependencies:
- name: kube-prometheus-stack
  repository: https://prometheus-community.github.io/helm-charts
  version: 75.11.0
- name: owner-info
  repository: oci://ghcr.io/sapcc/helm-charts
  version: 1.0.0
digest: sha256:01ed4d3666656b5942909fede0b41b5f2c881c3b78a1ad372c9423f96e71c632
generated: "2025-07-18T03:56:14.952823971Z"
